
Microsoft Visual Studio Solution File, Format Version 12.00
# Visual Studio Version 17
VisualStudioVersion = 17.5.001.0
MinimumVisualStudioVersion = 10.0.40219.1
Project("{9A19103F-16F7-4668-BE54-9A1E7A4F7556}") = "Csharp", "Csharp.csproj", "{93A66457-3D66-43C0-8C45-CB39E59ACA98}"
EndProject
Global
	GlobalSection(SolutionConfigurationPlatforms) = preSolution
		Debug|Any CPU = Debug|Any CPU
		Release|Any CPU = Release|Any CPU
	EndGlobalSection
	GlobalSection(ProjectConfigurationPlatforms) = postSolution
		{93A66457-3D66-43C0-8C45-CB39E59ACA98}.Debug|Any CPU.ActiveCfg = Debug|Any CPU
		{93A66457-3D66-43C0-8C45-CB39E59ACA98}.Debug|Any CPU.Build.0 = Debug|Any CPU
		{93A66457-3D66-43C0-8C45-CB39E59ACA98}.Release|Any CPU.ActiveCfg = Release|Any CPU
		{93A66457-3D66-43C0-8C45-CB39E59ACA98}.Release|Any CPU.Build.0 = Release|Any CPU
	EndGlobalSection
	GlobalSection(SolutionProperties) = preSolution
		HideSolutionNode = FALSE
	EndGlobalSection
	GlobalSection(ExtensibilityGlobals) = postSolution
		SolutionGuid = {76ACC164-9C58-406F-9808-9BA76BC12DE3}
	EndGlobalSection
EndGlobal
